
Microsoft Visual Studio Solution File, Format Version 12.00
# Visual Studio Version 17
VisualStudioVersion = 17.3.32811.315
MinimumVisualStudioVersion = 10.0.40219.1
Project("{FAE04EC0-301F-11D3-BF4B-00C04F79EFBC}") = "CalculadoraDeConsumo", "CalculadoraDeConsumo\CalculadoraDeConsumo.csproj", "{FEFCBB9A-C58E-4BA8-AB47-4DB255A3651B}"
EndProject
Global
	GlobalSection(SolutionConfigurationPlatforms) = preSolution
		Debug|Any CPU = Debug|Any CPU
		Release|Any CPU = Release|Any CPU
	EndGlobalSection
	GlobalSection(ProjectConfigurationPlatforms) = postSolution
		{FEFCBB9A-C58E-4BA8-AB47-4DB255A3651B}.Debug|Any CPU.ActiveCfg = Debug|Any CPU
		{FEFCBB9A-C58E-4BA8-AB47-4DB255A3651B}.Debug|Any CPU.Build.0 = Debug|Any CPU
		{FEFCBB9A-C58E-4BA8-AB47-4DB255A3651B}.Release|Any CPU.ActiveCfg = Release|Any CPU
		{FEFCBB9A-C58E-4BA8-AB47-4DB255A3651B}.Release|Any CPU.Build.0 = Release|Any CPU
	EndGlobalSection
	GlobalSection(SolutionProperties) = preSolution
		HideSolutionNode = FALSE
	EndGlobalSection
	GlobalSection(ExtensibilityGlobals) = postSolution
		SolutionGuid = {59BB846D-84B6-4DE2-A0E7-6EF1258E6064}
	EndGlobalSection
EndGlobal
