
Microsoft Visual Studio Solution File, Format Version 12.00
# Visual Studio Version 17
VisualStudioVersion = 17.4.33213.308
MinimumVisualStudioVersion = 10.0.40219.1
Project("{FAE04EC0-301F-11D3-BF4B-00C04F79EFBC}") = "ProdutosMvc", "ProdutosMvc\ProdutosMvc.csproj", "{A878C791-FFDF-4225-B092-2780C9322CAE}"
EndProject
Global
	GlobalSection(SolutionConfigurationPlatforms) = preSolution
		Debug|Any CPU = Debug|Any CPU
		Release|Any CPU = Release|Any CPU
	EndGlobalSection
	GlobalSection(ProjectConfigurationPlatforms) = postSolution
		{A878C791-FFDF-4225-B092-2780C9322CAE}.Debug|Any CPU.ActiveCfg = Debug|Any CPU
		{A878C791-FFDF-4225-B092-2780C9322CAE}.Debug|Any CPU.Build.0 = Debug|Any CPU
		{A878C791-FFDF-4225-B092-2780C9322CAE}.Release|Any CPU.ActiveCfg = Release|Any CPU
		{A878C791-FFDF-4225-B092-2780C9322CAE}.Release|Any CPU.Build.0 = Release|Any CPU
	EndGlobalSection
	GlobalSection(SolutionProperties) = preSolution
		HideSolutionNode = FALSE
	EndGlobalSection
	GlobalSection(ExtensibilityGlobals) = postSolution
		SolutionGuid = {7032934A-1AFC-4BAB-91F3-1C723CC392A5}
	EndGlobalSection
EndGlobal
